
Microsoft Visual Studio Solution File, Format Version 12.00
# Visual Studio 14
VisualStudioVersion = 14.0.23107.0
MinimumVisualStudioVersion = 10.0.40219.1
Project("{FAE04EC0-301F-11D3-BF4B-00C04F79EFBC}") = "CasualMeter", "CasualMeter\CasualMeter.csproj", "{32CA9C98-AB15-4455-AC68-27BDD6D9A050}"
EndProject
Project("{FAE04EC0-301F-11D3-BF4B-00C04F79EFBC}") = "Lunyx.Common", "..\Lunyx\Lunyx.Common\Lunyx.Common.csproj", "{97509135-3F03-468A-B5B0-FCD65E6D1600}"
EndProject
Project("{FAE04EC0-301F-11D3-BF4B-00C04F79EFBC}") = "Lunyx.Common.UI.Wpf", "..\Lunyx\Lunyx.Common.UI.Wpf\Lunyx.Common.UI.Wpf.csproj", "{75B43592-1666-4D78-9D7E-1240B8E3122C}"
EndProject
Project("{FAE04EC0-301F-11D3-BF4B-00C04F79EFBC}") = "CasualMeter.Common", "CasualMeter.Common\CasualMeter.Common.csproj", "{1F43F250-51F4-4DDF-B0DB-17DCAF175CDC}"
EndProject
Project("{FAE04EC0-301F-11D3-BF4B-00C04F79EFBC}") = "NetworkSniffer", "NetworkSniffer\NetworkSniffer.csproj", "{5B431143-1A77-44FF-8BC3-926FEC8AD97C}"
EndProject
Project("{FAE04EC0-301F-11D3-BF4B-00C04F79EFBC}") = "Tera.Core", "Tera.Core\Tera.Core.csproj", "{EE476C7C-2942-4BA4-AB47-7ADBE65635FD}"
EndProject
Project("{FAE04EC0-301F-11D3-BF4B-00C04F79EFBC}") = "Tera.DamageMeter.Core", "Tera.DamageMeter.Core\Tera.DamageMeter.Core.csproj", "{D1ED4752-F2FC-44C3-97B2-580BC79F4AF1}"
EndProject
Project("{FAE04EC0-301F-11D3-BF4B-00C04F79EFBC}") = "Tera.Data", "Tera.Data\Tera.Data.csproj", "{4B6AA9BD-CEC2-4AA6-B35A-1ACB2FA7767B}"
EndProject
Project("{FAE04EC0-301F-11D3-BF4B-00C04F79EFBC}") = "Tera.Sniffing", "Tera.Sniffing\Tera.Sniffing.csproj", "{66BB1685-8FF5-4431-B77F-7F80C92A5DA4}"
EndProject
Project("{FAE04EC0-301F-11D3-BF4B-00C04F79EFBC}") = "CasualMeter.ClickOncePublish", "CasualMeter.ClickOncePublish\CasualMeter.ClickOncePublish.csproj", "{7227C609-E14B-4287-B452-1BCEF3098E28}"
EndProject
Global
	GlobalSection(SolutionConfigurationPlatforms) = preSolution
		Debug|Any CPU = Debug|Any CPU
		Release|Any CPU = Release|Any CPU
	EndGlobalSection
	GlobalSection(ProjectConfigurationPlatforms) = postSolution
		{32CA9C98-AB15-4455-AC68-27BDD6D9A050}.Debug|Any CPU.ActiveCfg = Debug|Any CPU
		{32CA9C98-AB15-4455-AC68-27BDD6D9A050}.Debug|Any CPU.Build.0 = Debug|Any CPU
		{32CA9C98-AB15-4455-AC68-27BDD6D9A050}.Release|Any CPU.ActiveCfg = Release|Any CPU
		{32CA9C98-AB15-4455-AC68-27BDD6D9A050}.Release|Any CPU.Build.0 = Release|Any CPU
		{97509135-3F03-468A-B5B0-FCD65E6D1600}.Debug|Any CPU.ActiveCfg = Debug|Any CPU
		{97509135-3F03-468A-B5B0-FCD65E6D1600}.Debug|Any CPU.Build.0 = Debug|Any CPU
		{97509135-3F03-468A-B5B0-FCD65E6D1600}.Release|Any CPU.ActiveCfg = Release|Any CPU
		{97509135-3F03-468A-B5B0-FCD65E6D1600}.Release|Any CPU.Build.0 = Release|Any CPU
		{75B43592-1666-4D78-9D7E-1240B8E3122C}.Debug|Any CPU.ActiveCfg = Debug|Any CPU
		{75B43592-1666-4D78-9D7E-1240B8E3122C}.Debug|Any CPU.Build.0 = Debug|Any CPU
		{75B43592-1666-4D78-9D7E-1240B8E3122C}.Release|Any CPU.ActiveCfg = Release|Any CPU
		{75B43592-1666-4D78-9D7E-1240B8E3122C}.Release|Any CPU.Build.0 = Release|Any CPU
		{1F43F250-51F4-4DDF-B0DB-17DCAF175CDC}.Debug|Any CPU.ActiveCfg = Debug|Any CPU
		{1F43F250-51F4-4DDF-B0DB-17DCAF175CDC}.Debug|Any CPU.Build.0 = Debug|Any CPU
		{1F43F250-51F4-4DDF-B0DB-17DCAF175CDC}.Release|Any CPU.ActiveCfg = Release|Any CPU
		{1F43F250-51F4-4DDF-B0DB-17DCAF175CDC}.Release|Any CPU.Build.0 = Release|Any CPU
		{5B431143-1A77-44FF-8BC3-926FEC8AD97C}.Debug|Any CPU.ActiveCfg = Debug|Any CPU
		{5B431143-1A77-44FF-8BC3-926FEC8AD97C}.Debug|Any CPU.Build.0 = Debug|Any CPU
		{5B431143-1A77-44FF-8BC3-926FEC8AD97C}.Release|Any CPU.ActiveCfg = Release|Any CPU
		{5B431143-1A77-44FF-8BC3-926FEC8AD97C}.Release|Any CPU.Build.0 = Release|Any CPU
		{EE476C7C-2942-4BA4-AB47-7ADBE65635FD}.Debug|Any CPU.ActiveCfg = Debug|Any CPU
		{EE476C7C-2942-4BA4-AB47-7ADBE65635FD}.Debug|Any CPU.Build.0 = Debug|Any CPU
		{EE476C7C-2942-4BA4-AB47-7ADBE65635FD}.Release|Any CPU.ActiveCfg = Release|Any CPU
		{EE476C7C-2942-4BA4-AB47-7ADBE65635FD}.Release|Any CPU.Build.0 = Release|Any CPU
		{D1ED4752-F2FC-44C3-97B2-580BC79F4AF1}.Debug|Any CPU.ActiveCfg = Debug|Any CPU
		{D1ED4752-F2FC-44C3-97B2-580BC79F4AF1}.Debug|Any CPU.Build.0 = Debug|Any CPU
		{D1ED4752-F2FC-44C3-97B2-580BC79F4AF1}.Release|Any CPU.ActiveCfg = Release|Any CPU
		{D1ED4752-F2FC-44C3-97B2-580BC79F4AF1}.Release|Any CPU.Build.0 = Release|Any CPU
		{4B6AA9BD-CEC2-4AA6-B35A-1ACB2FA7767B}.Debug|Any CPU.ActiveCfg = Debug|Any CPU
		{4B6AA9BD-CEC2-4AA6-B35A-1ACB2FA7767B}.Debug|Any CPU.Build.0 = Debug|Any CPU
		{4B6AA9BD-CEC2-4AA6-B35A-1ACB2FA7767B}.Release|Any CPU.ActiveCfg = Release|Any CPU
		{4B6AA9BD-CEC2-4AA6-B35A-1ACB2FA7767B}.Release|Any CPU.Build.0 = Release|Any CPU
		{66BB1685-8FF5-4431-B77F-7F80C92A5DA4}.Debug|Any CPU.ActiveCfg = Debug|Any CPU
		{66BB1685-8FF5-4431-B77F-7F80C92A5DA4}.Debug|Any CPU.Build.0 = Debug|Any CPU
		{66BB1685-8FF5-4431-B77F-7F80C92A5DA4}.Release|Any CPU.ActiveCfg = Release|Any CPU
		{66BB1685-8FF5-4431-B77F-7F80C92A5DA4}.Release|Any CPU.Build.0 = Release|Any CPU
		{7227C609-E14B-4287-B452-1BCEF3098E28}.Debug|Any CPU.ActiveCfg = Debug|Any CPU
		{7227C609-E14B-4287-B452-1BCEF3098E28}.Debug|Any CPU.Build.0 = Debug|Any CPU
		{7227C609-E14B-4287-B452-1BCEF3098E28}.Release|Any CPU.ActiveCfg = Release|Any CPU
		{7227C609-E14B-4287-B452-1BCEF3098E28}.Release|Any CPU.Build.0 = Release|Any CPU
	EndGlobalSection
	GlobalSection(SolutionProperties) = preSolution
		HideSolutionNode = FALSE
	EndGlobalSection
EndGlobal
